
Microsoft Visual Studio Solution File, Format Version 12.00
# Visual Studio Version 17
VisualStudioVersion = 17.0.31912.275
MinimumVisualStudioVersion = 10.0.40219.1
Project("{FAE04EC0-301F-11D3-BF4B-00C04F79EFBC}") = "Advent_2021", "Advent_2021\Advent_2021.csproj", "{BD7940E7-CBC3-48D7-BC96-51B896EB17CB}"
EndProject
Global
	GlobalSection(SolutionConfigurationPlatforms) = preSolution
		Debug|Any CPU = Debug|Any CPU
		Release|Any CPU = Release|Any CPU
	EndGlobalSection
	GlobalSection(ProjectConfigurationPlatforms) = postSolution
		{BD7940E7-CBC3-48D7-BC96-51B896EB17CB}.Debug|Any CPU.ActiveCfg = Debug|Any CPU
		{BD7940E7-CBC3-48D7-BC96-51B896EB17CB}.Debug|Any CPU.Build.0 = Debug|Any CPU
		{BD7940E7-CBC3-48D7-BC96-51B896EB17CB}.Release|Any CPU.ActiveCfg = Release|Any CPU
		{BD7940E7-CBC3-48D7-BC96-51B896EB17CB}.Release|Any CPU.Build.0 = Release|Any CPU
	EndGlobalSection
	GlobalSection(SolutionProperties) = preSolution
		HideSolutionNode = FALSE
	EndGlobalSection
	GlobalSection(ExtensibilityGlobals) = postSolution
		SolutionGuid = {19EF7937-191C-4E81-BD04-55733629C554}
	EndGlobalSection
EndGlobal
